
Microsoft Visual Studio Solution File, Format Version 12.00
# Visual Studio Version 17
VisualStudioVersion = 17.12.35527.113 d17.12
MinimumVisualStudioVersion = 10.0.40219.1
Project("{F184B08F-C81C-45F6-A57F-5ABD9991F28F}") = "Simple Calculator", "Simple Calculator\Simple Calculator.vbproj", "{A1BF3C22-B420-4B28-B17B-C447462F840C}"
EndProject
Global
	GlobalSection(SolutionConfigurationPlatforms) = preSolution
		Debug|Any CPU = Debug|Any CPU
		Release|Any CPU = Release|Any CPU
	EndGlobalSection
	GlobalSection(ProjectConfigurationPlatforms) = postSolution
		{A1BF3C22-B420-4B28-B17B-C447462F840C}.Debug|Any CPU.ActiveCfg = Debug|Any CPU
		{A1BF3C22-B420-4B28-B17B-C447462F840C}.Debug|Any CPU.Build.0 = Debug|Any CPU
		{A1BF3C22-B420-4B28-B17B-C447462F840C}.Release|Any CPU.ActiveCfg = Release|Any CPU
		{A1BF3C22-B420-4B28-B17B-C447462F840C}.Release|Any CPU.Build.0 = Release|Any CPU
	EndGlobalSection
	GlobalSection(SolutionProperties) = preSolution
		HideSolutionNode = FALSE
	EndGlobalSection
EndGlobal
